
Microsoft Visual Studio Solution File, Format Version 12.00
# Visual Studio Version 16
VisualStudioVersion = 16.0.31205.134
MinimumVisualStudioVersion = 10.0.40219.1
Project("{FAE04EC0-301F-11D3-BF4B-00C04F79EFBC}") = "MainForm", "CsharpHomework\MainForm.csproj", "{3100636C-C060-4236-9C7B-696D4B4D885F}"
EndProject
Project("{FAE04EC0-301F-11D3-BF4B-00C04F79EFBC}") = "POS", "POS\POS.csproj", "{DC348386-36FB-407A-AE79-78B3BE0BF897}"
EndProject
Project("{FAE04EC0-301F-11D3-BF4B-00C04F79EFBC}") = "Hello", "Hello\Hello.csproj", "{0A0272BC-3E03-4BDA-B877-97B18DC96445}"
EndProject
Project("{FAE04EC0-301F-11D3-BF4B-00C04F79EFBC}") = "LoanForm", "LoanForm\LoanForm.csproj", "{7A15C03C-FAAD-42E2-849D-7FEA77B7D283}"
EndProject
Project("{FAE04EC0-301F-11D3-BF4B-00C04F79EFBC}") = "Student_StructForm", "Student_StructForm\Student_StructForm.csproj", "{DA0241FE-6DE0-425C-879B-7FF48F18EEB5}"
EndProject
Project("{FAE04EC0-301F-11D3-BF4B-00C04F79EFBC}") = "StudentsGrade", "StudentsGrade\StudentsGrade.csproj", "{C939CF23-6E56-42D0-B3EF-3922843623F6}"
EndProject
Project("{FAE04EC0-301F-11D3-BF4B-00C04F79EFBC}") = "StudentGrade_List", "StudentGrade_List\StudentGrade_List.csproj", "{63169E1E-EA74-408C-B195-8A801FB02DC9}"
EndProject
Project("{FAE04EC0-301F-11D3-BF4B-00C04F79EFBC}") = "Calculator", "Calculator\Calculator.csproj", "{C18CE2A4-2581-4273-8378-3844F82BD9F3}"
EndProject
Project("{FAE04EC0-301F-11D3-BF4B-00C04F79EFBC}") = "Method", "Method\Method.csproj", "{B9E274B6-5532-44C3-A314-69AF20F7492C}"
EndProject
Project("{FAE04EC0-301F-11D3-BF4B-00C04F79EFBC}") = "ForDoWhile", "ForDoWhile\ForDoWhile.csproj", "{99286501-10A2-4848-97D3-72E8EC676F5D}"
EndProject
Project("{FAE04EC0-301F-11D3-BF4B-00C04F79EFBC}") = "XOGame", "XOGame\XOGame.csproj", "{9829D29E-7A49-4CC0-A9DC-79F67454FC8F}"
EndProject
Project("{FAE04EC0-301F-11D3-BF4B-00C04F79EFBC}") = "GuessNumber", "GuessNumber\GuessNumber.csproj", "{B05444D5-9008-4624-B377-394C992E1205}"
EndProject
Project("{FAE04EC0-301F-11D3-BF4B-00C04F79EFBC}") = "ScreenSaver", "ScreenSaver\ScreenSaver.csproj", "{59D4F907-516A-48BB-BC98-6EB79F804D0C}"
EndProject
Project("{FAE04EC0-301F-11D3-BF4B-00C04F79EFBC}") = "Alarm", "Alarm\Alarm.csproj", "{74F41931-A38D-4350-81D3-EE3050880A3D}"
EndProject
Project("{FAE04EC0-301F-11D3-BF4B-00C04F79EFBC}") = "Notepad", "Notepad\Notepad.csproj", "{82422219-FA62-4678-811A-11D6A39CA4AA}"
EndProject
Project("{FAE04EC0-301F-11D3-BF4B-00C04F79EFBC}") = "PictureViewer", "PictureViewer\PictureViewer.csproj", "{12344312-CD8D-43C1-832C-77E157A0D9C3}"
EndProject
Global
	GlobalSection(SolutionConfigurationPlatforms) = preSolution
		Debug|Any CPU = Debug|Any CPU
		Release|Any CPU = Release|Any CPU
	EndGlobalSection
	GlobalSection(ProjectConfigurationPlatforms) = postSolution
		{3100636C-C060-4236-9C7B-696D4B4D885F}.Debug|Any CPU.ActiveCfg = Debug|Any CPU
		{3100636C-C060-4236-9C7B-696D4B4D885F}.Debug|Any CPU.Build.0 = Debug|Any CPU
		{3100636C-C060-4236-9C7B-696D4B4D885F}.Release|Any CPU.ActiveCfg = Release|Any CPU
		{3100636C-C060-4236-9C7B-696D4B4D885F}.Release|Any CPU.Build.0 = Release|Any CPU
		{DC348386-36FB-407A-AE79-78B3BE0BF897}.Debug|Any CPU.ActiveCfg = Debug|Any CPU
		{DC348386-36FB-407A-AE79-78B3BE0BF897}.Debug|Any CPU.Build.0 = Debug|Any CPU
		{DC348386-36FB-407A-AE79-78B3BE0BF897}.Release|Any CPU.ActiveCfg = Release|Any CPU
		{DC348386-36FB-407A-AE79-78B3BE0BF897}.Release|Any CPU.Build.0 = Release|Any CPU
		{0A0272BC-3E03-4BDA-B877-97B18DC96445}.Debug|Any CPU.ActiveCfg = Debug|Any CPU
		{0A0272BC-3E03-4BDA-B877-97B18DC96445}.Debug|Any CPU.Build.0 = Debug|Any CPU
		{0A0272BC-3E03-4BDA-B877-97B18DC96445}.Release|Any CPU.ActiveCfg = Release|Any CPU
		{0A0272BC-3E03-4BDA-B877-97B18DC96445}.Release|Any CPU.Build.0 = Release|Any CPU
		{7A15C03C-FAAD-42E2-849D-7FEA77B7D283}.Debug|Any CPU.ActiveCfg = Debug|Any CPU
		{7A15C03C-FAAD-42E2-849D-7FEA77B7D283}.Debug|Any CPU.Build.0 = Debug|Any CPU
		{7A15C03C-FAAD-42E2-849D-7FEA77B7D283}.Release|Any CPU.ActiveCfg = Release|Any CPU
		{7A15C03C-FAAD-42E2-849D-7FEA77B7D283}.Release|Any CPU.Build.0 = Release|Any CPU
		{DA0241FE-6DE0-425C-879B-7FF48F18EEB5}.Debug|Any CPU.ActiveCfg = Debug|Any CPU
		{DA0241FE-6DE0-425C-879B-7FF48F18EEB5}.Debug|Any CPU.Build.0 = Debug|Any CPU
		{DA0241FE-6DE0-425C-879B-7FF48F18EEB5}.Release|Any CPU.ActiveCfg = Release|Any CPU
		{DA0241FE-6DE0-425C-879B-7FF48F18EEB5}.Release|Any CPU.Build.0 = Release|Any CPU
		{C939CF23-6E56-42D0-B3EF-3922843623F6}.Debug|Any CPU.ActiveCfg = Debug|Any CPU
		{C939CF23-6E56-42D0-B3EF-3922843623F6}.Debug|Any CPU.Build.0 = Debug|Any CPU
		{C939CF23-6E56-42D0-B3EF-3922843623F6}.Release|Any CPU.ActiveCfg = Release|Any CPU
		{C939CF23-6E56-42D0-B3EF-3922843623F6}.Release|Any CPU.Build.0 = Release|Any CPU
		{63169E1E-EA74-408C-B195-8A801FB02DC9}.Debug|Any CPU.ActiveCfg = Debug|Any CPU
		{63169E1E-EA74-408C-B195-8A801FB02DC9}.Debug|Any CPU.Build.0 = Debug|Any CPU
		{63169E1E-EA74-408C-B195-8A801FB02DC9}.Release|Any CPU.ActiveCfg = Release|Any CPU
		{63169E1E-EA74-408C-B195-8A801FB02DC9}.Release|Any CPU.Build.0 = Release|Any CPU
		{C18CE2A4-2581-4273-8378-3844F82BD9F3}.Debug|Any CPU.ActiveCfg = Debug|Any CPU
		{C18CE2A4-2581-4273-8378-3844F82BD9F3}.Debug|Any CPU.Build.0 = Debug|Any CPU
		{C18CE2A4-2581-4273-8378-3844F82BD9F3}.Release|Any CPU.ActiveCfg = Release|Any CPU
		{C18CE2A4-2581-4273-8378-3844F82BD9F3}.Release|Any CPU.Build.0 = Release|Any CPU
		{B9E274B6-5532-44C3-A314-69AF20F7492C}.Debug|Any CPU.ActiveCfg = Debug|Any CPU
		{B9E274B6-5532-44C3-A314-69AF20F7492C}.Debug|Any CPU.Build.0 = Debug|Any CPU
		{B9E274B6-5532-44C3-A314-69AF20F7492C}.Release|Any CPU.ActiveCfg = Release|Any CPU
		{B9E274B6-5532-44C3-A314-69AF20F7492C}.Release|Any CPU.Build.0 = Release|Any CPU
		{99286501-10A2-4848-97D3-72E8EC676F5D}.Debug|Any CPU.ActiveCfg = Debug|Any CPU
		{99286501-10A2-4848-97D3-72E8EC676F5D}.Debug|Any CPU.Build.0 = Debug|Any CPU
		{99286501-10A2-4848-97D3-72E8EC676F5D}.Release|Any CPU.ActiveCfg = Release|Any CPU
		{99286501-10A2-4848-97D3-72E8EC676F5D}.Release|Any CPU.Build.0 = Release|Any CPU
		{9829D29E-7A49-4CC0-A9DC-79F67454FC8F}.Debug|Any CPU.ActiveCfg = Debug|Any CPU
		{9829D29E-7A49-4CC0-A9DC-79F67454FC8F}.Debug|Any CPU.Build.0 = Debug|Any CPU
		{9829D29E-7A49-4CC0-A9DC-79F67454FC8F}.Release|Any CPU.ActiveCfg = Release|Any CPU
		{9829D29E-7A49-4CC0-A9DC-79F67454FC8F}.Release|Any CPU.Build.0 = Release|Any CPU
		{B05444D5-9008-4624-B377-394C992E1205}.Debug|Any CPU.ActiveCfg = Debug|Any CPU
		{B05444D5-9008-4624-B377-394C992E1205}.Debug|Any CPU.Build.0 = Debug|Any CPU
		{B05444D5-9008-4624-B377-394C992E1205}.Release|Any CPU.ActiveCfg = Release|Any CPU
		{B05444D5-9008-4624-B377-394C992E1205}.Release|Any CPU.Build.0 = Release|Any CPU
		{59D4F907-516A-48BB-BC98-6EB79F804D0C}.Debug|Any CPU.ActiveCfg = Debug|Any CPU
		{59D4F907-516A-48BB-BC98-6EB79F804D0C}.Debug|Any CPU.Build.0 = Debug|Any CPU
		{59D4F907-516A-48BB-BC98-6EB79F804D0C}.Release|Any CPU.ActiveCfg = Release|Any CPU
		{59D4F907-516A-48BB-BC98-6EB79F804D0C}.Release|Any CPU.Build.0 = Release|Any CPU
		{74F41931-A38D-4350-81D3-EE3050880A3D}.Debug|Any CPU.ActiveCfg = Debug|Any CPU
		{74F41931-A38D-4350-81D3-EE3050880A3D}.Debug|Any CPU.Build.0 = Debug|Any CPU
		{74F41931-A38D-4350-81D3-EE3050880A3D}.Release|Any CPU.ActiveCfg = Release|Any CPU
		{74F41931-A38D-4350-81D3-EE3050880A3D}.Release|Any CPU.Build.0 = Release|Any CPU
		{82422219-FA62-4678-811A-11D6A39CA4AA}.Debug|Any CPU.ActiveCfg = Debug|Any CPU
		{82422219-FA62-4678-811A-11D6A39CA4AA}.Debug|Any CPU.Build.0 = Debug|Any CPU
		{82422219-FA62-4678-811A-11D6A39CA4AA}.Release|Any CPU.ActiveCfg = Release|Any CPU
		{82422219-FA62-4678-811A-11D6A39CA4AA}.Release|Any CPU.Build.0 = Release|Any CPU
		{12344312-CD8D-43C1-832C-77E157A0D9C3}.Debug|Any CPU.ActiveCfg = Debug|Any CPU
		{12344312-CD8D-43C1-832C-77E157A0D9C3}.Debug|Any CPU.Build.0 = Debug|Any CPU
		{12344312-CD8D-43C1-832C-77E157A0D9C3}.Release|Any CPU.ActiveCfg = Release|Any CPU
		{12344312-CD8D-43C1-832C-77E157A0D9C3}.Release|Any CPU.Build.0 = Release|Any CPU
	EndGlobalSection
	GlobalSection(SolutionProperties) = preSolution
		HideSolutionNode = FALSE
	EndGlobalSection
	GlobalSection(ExtensibilityGlobals) = postSolution
		SolutionGuid = {BB90CF47-F5AC-4AE5-B0D7-3D831E5249B3}
	EndGlobalSection
EndGlobal
